
Microsoft Visual Studio Solution File, Format Version 12.00
# Visual Studio 15
VisualStudioVersion = 15.0.27130.2010
MinimumVisualStudioVersion = 10.0.40219.1
Project("{9A19103F-16F7-4668-BE54-9A1E7A4F7556}") = "ReportBuilder", "ReportBuilder\ReportBuilder.csproj", "{1B4D4626-554A-4B4D-BFA1-47084D685546}"
EndProject
Project("{FAE04EC0-301F-11D3-BF4B-00C04F79EFBC}") = "ReportBuilder.Api", "ReportBuilder.Api\ReportBuilder.Api.csproj", "{A17760C0-522D-409B-BF45-903A9972BCF8}"
EndProject
Project("{FAE04EC0-301F-11D3-BF4B-00C04F79EFBC}") = "ReportBuilder.Entities", "ReportBuilder.Entities\ReportBuilder.Entities.csproj", "{A1701F31-95A0-4821-B025-C782493F3076}"
EndProject
Global
	GlobalSection(SolutionConfigurationPlatforms) = preSolution
		Debug|Any CPU = Debug|Any CPU
		Release|Any CPU = Release|Any CPU
	EndGlobalSection
	GlobalSection(ProjectConfigurationPlatforms) = postSolution
		{1B4D4626-554A-4B4D-BFA1-47084D685546}.Debug|Any CPU.ActiveCfg = Debug|Any CPU
		{1B4D4626-554A-4B4D-BFA1-47084D685546}.Debug|Any CPU.Build.0 = Debug|Any CPU
		{1B4D4626-554A-4B4D-BFA1-47084D685546}.Release|Any CPU.ActiveCfg = Release|Any CPU
		{1B4D4626-554A-4B4D-BFA1-47084D685546}.Release|Any CPU.Build.0 = Release|Any CPU
		{A17760C0-522D-409B-BF45-903A9972BCF8}.Debug|Any CPU.ActiveCfg = Debug|Any CPU
		{A17760C0-522D-409B-BF45-903A9972BCF8}.Debug|Any CPU.Build.0 = Debug|Any CPU
		{A17760C0-522D-409B-BF45-903A9972BCF8}.Release|Any CPU.ActiveCfg = Release|Any CPU
		{A17760C0-522D-409B-BF45-903A9972BCF8}.Release|Any CPU.Build.0 = Release|Any CPU
		{A1701F31-95A0-4821-B025-C782493F3076}.Debug|Any CPU.ActiveCfg = Debug|Any CPU
		{A1701F31-95A0-4821-B025-C782493F3076}.Debug|Any CPU.Build.0 = Debug|Any CPU
		{A1701F31-95A0-4821-B025-C782493F3076}.Release|Any CPU.ActiveCfg = Release|Any CPU
		{A1701F31-95A0-4821-B025-C782493F3076}.Release|Any CPU.Build.0 = Release|Any CPU
	EndGlobalSection
	GlobalSection(SolutionProperties) = preSolution
		HideSolutionNode = FALSE
	EndGlobalSection
	GlobalSection(ExtensibilityGlobals) = postSolution
		SolutionGuid = {304D3FC5-3767-4482-9F43-29C3CE6F65A6}
	EndGlobalSection
EndGlobal
